{
  "name": "AB",
  "lockfileVersion": 3,
  "requires": true,
  "packages": {
    "": {
      "dependencies": {
        "rater-js": "^1.0.1"
      }
    },
    "node_modules/rater-js": {
      "version": "1.0.1",
      "resolved": "https://registry.npmjs.org/rater-js/-/rater-js-1.0.1.tgz",
      "integrity": "sha512-93MxfiXKfX2LvIIcArtSY4M5C/l5Dg9EioNeQVk1cxnxCuU14A5qXOY0O7DuWlkjBJ930pLUNsOJBcIMUv0oAg=="
    }
  }
}
